
Microsoft Visual Studio Solution File, Format Version 12.00
# Visual Studio Version 16
VisualStudioVersion = 16.0.31624.102
MinimumVisualStudioVersion = 10.0.40219.1
Project("{8BC9CEB8-8B4A-11D0-8D11-00A0C91BC942}") = "vui.parser", "vui.parser.vcxproj", "{4FCB2DE1-D705-4AF7-A4DD-A2CF54CA00C4}"
EndProject
Global
	GlobalSection(SolutionConfigurationPlatforms) = preSolution
		Debug|x64 = Debug|x64
		Debug|x86 = Debug|x86
		Release|x64 = Release|x64
		Release|x86 = Release|x86
	EndGlobalSection
	GlobalSection(ProjectConfigurationPlatforms) = postSolution
		{4FCB2DE1-D705-4AF7-A4DD-A2CF54CA00C4}.Debug|x64.ActiveCfg = Debug|x64
		{4FCB2DE1-D705-4AF7-A4DD-A2CF54CA00C4}.Debug|x64.Build.0 = Debug|x64
		{4FCB2DE1-D705-4AF7-A4DD-A2CF54CA00C4}.Debug|x86.ActiveCfg = Debug|Win32
		{4FCB2DE1-D705-4AF7-A4DD-A2CF54CA00C4}.Debug|x86.Build.0 = Debug|Win32
		{4FCB2DE1-D705-4AF7-A4DD-A2CF54CA00C4}.Release|x64.ActiveCfg = Release|x64
		{4FCB2DE1-D705-4AF7-A4DD-A2CF54CA00C4}.Release|x64.Build.0 = Release|x64
		{4FCB2DE1-D705-4AF7-A4DD-A2CF54CA00C4}.Release|x86.ActiveCfg = Release|Win32
		{4FCB2DE1-D705-4AF7-A4DD-A2CF54CA00C4}.Release|x86.Build.0 = Release|Win32
	EndGlobalSection
	GlobalSection(SolutionProperties) = preSolution
		HideSolutionNode = FALSE
	EndGlobalSection
	GlobalSection(ExtensibilityGlobals) = postSolution
		SolutionGuid = {431E36FE-14B8-49AD-A448-FEDFEC1115A5}
	EndGlobalSection
EndGlobal
